
Microsoft Visual Studio Solution File, Format Version 12.00
# Visual Studio Version 16
VisualStudioVersion = 16.0.30503.244
MinimumVisualStudioVersion = 10.0.40219.1
Project("{888888A0-9F3D-457C-B088-3A5042F75D52}") = "adventofcode day 3.1", "adventofcode day 3.1\adventofcode day 3.1.pyproj", "{98C20E58-10FD-44F4-B18C-A2239D6F7E5E}"
EndProject
Global
	GlobalSection(SolutionConfigurationPlatforms) = preSolution
		Debug|Any CPU = Debug|Any CPU
		Release|Any CPU = Release|Any CPU
	EndGlobalSection
	GlobalSection(ProjectConfigurationPlatforms) = postSolution
		{98C20E58-10FD-44F4-B18C-A2239D6F7E5E}.Debug|Any CPU.ActiveCfg = Debug|Any CPU
		{98C20E58-10FD-44F4-B18C-A2239D6F7E5E}.Release|Any CPU.ActiveCfg = Release|Any CPU
	EndGlobalSection
	GlobalSection(SolutionProperties) = preSolution
		HideSolutionNode = FALSE
	EndGlobalSection
	GlobalSection(ExtensibilityGlobals) = postSolution
		SolutionGuid = {3BCAD73F-F2CF-4B8E-B7D2-ACF323F15F48}
	EndGlobalSection
EndGlobal
