
Microsoft Visual Studio Solution File, Format Version 12.00
# Visual Studio Version 16
VisualStudioVersion = 16.0.30717.126
MinimumVisualStudioVersion = 10.0.40219.1
Project("{888888A0-9F3D-457C-B088-3A5042F75D52}") = "adventofcode day 5.1", "adventofcode day 5.1\adventofcode day 5.1.pyproj", "{9F802393-4C43-485D-8F84-FFB655BFD65D}"
EndProject
Global
	GlobalSection(SolutionConfigurationPlatforms) = preSolution
		Debug|Any CPU = Debug|Any CPU
		Release|Any CPU = Release|Any CPU
	EndGlobalSection
	GlobalSection(ProjectConfigurationPlatforms) = postSolution
		{9F802393-4C43-485D-8F84-FFB655BFD65D}.Debug|Any CPU.ActiveCfg = Debug|Any CPU
		{9F802393-4C43-485D-8F84-FFB655BFD65D}.Release|Any CPU.ActiveCfg = Release|Any CPU
	EndGlobalSection
	GlobalSection(SolutionProperties) = preSolution
		HideSolutionNode = FALSE
	EndGlobalSection
	GlobalSection(ExtensibilityGlobals) = postSolution
		SolutionGuid = {9AF36BD1-BBCE-4559-A8FC-BF8DC9F53719}
	EndGlobalSection
EndGlobal
