
Microsoft Visual Studio Solution File, Format Version 12.00
# Visual Studio Version 16
VisualStudioVersion = 16.0.30717.126
MinimumVisualStudioVersion = 10.0.40219.1
Project("{888888A0-9F3D-457C-B088-3A5042F75D52}") = "adventofcode day 11.1", "adventofcode day 11.1\adventofcode day 11.1.pyproj", "{A3FDC6F2-76CB-4E76-9C6C-AA8F23451B53}"
EndProject
Global
	GlobalSection(SolutionConfigurationPlatforms) = preSolution
		Debug|Any CPU = Debug|Any CPU
		Release|Any CPU = Release|Any CPU
	EndGlobalSection
	GlobalSection(ProjectConfigurationPlatforms) = postSolution
		{A3FDC6F2-76CB-4E76-9C6C-AA8F23451B53}.Debug|Any CPU.ActiveCfg = Debug|Any CPU
		{A3FDC6F2-76CB-4E76-9C6C-AA8F23451B53}.Release|Any CPU.ActiveCfg = Release|Any CPU
	EndGlobalSection
	GlobalSection(SolutionProperties) = preSolution
		HideSolutionNode = FALSE
	EndGlobalSection
	GlobalSection(ExtensibilityGlobals) = postSolution
		SolutionGuid = {329E9CC8-52AB-44CC-A9DE-49E6921C99C7}
	EndGlobalSection
EndGlobal
