
Microsoft Visual Studio Solution File, Format Version 12.00
# Visual Studio Version 16
VisualStudioVersion = 16.0.30717.126
MinimumVisualStudioVersion = 10.0.40219.1
Project("{888888A0-9F3D-457C-B088-3A5042F75D52}") = "adventofcode day 6.1", "adventofcode day 6.1\adventofcode day 6.1.pyproj", "{DC94D2C7-653D-46A1-875F-613ED5EEE735}"
EndProject
Global
	GlobalSection(SolutionConfigurationPlatforms) = preSolution
		Debug|Any CPU = Debug|Any CPU
		Release|Any CPU = Release|Any CPU
	EndGlobalSection
	GlobalSection(ProjectConfigurationPlatforms) = postSolution
		{DC94D2C7-653D-46A1-875F-613ED5EEE735}.Debug|Any CPU.ActiveCfg = Debug|Any CPU
		{DC94D2C7-653D-46A1-875F-613ED5EEE735}.Release|Any CPU.ActiveCfg = Release|Any CPU
	EndGlobalSection
	GlobalSection(SolutionProperties) = preSolution
		HideSolutionNode = FALSE
	EndGlobalSection
	GlobalSection(ExtensibilityGlobals) = postSolution
		SolutionGuid = {4EEFA2F9-09E0-4E88-8C47-2748EA6A7229}
	EndGlobalSection
EndGlobal
